
Microsoft Visual Studio Solution File, Format Version 12.00
# Visual Studio Version 17
VisualStudioVersion = 17.6.33712.159
MinimumVisualStudioVersion = 10.0.40219.1
Project("{9A19103F-16F7-4668-BE54-9A1E7A4F7556}") = "GameOfLife.API", "GameOfLife.API\GameOfLife.API.csproj", "{F47A8990-2130-4819-B49F-D70638CA5D6B}"
EndProject
Project("{9A19103F-16F7-4668-BE54-9A1E7A4F7556}") = "GameOfLife.Services.UnitTests", "GameOfLife.Services.UnitTests\GameOfLife.Services.UnitTests.csproj", "{0714B8F6-AE56-44C3-8BBF-4751BDDF3909}"
EndProject
Project("{9A19103F-16F7-4668-BE54-9A1E7A4F7556}") = "GameOfLife.Services", "GameOfLife.Services\GameOfLife.Services.csproj", "{41394226-40EB-439F-A0AE-A898155973E4}"
EndProject
Project("{FAE04EC0-301F-11D3-BF4B-00C04F79EFBC}") = "GameOfLife.API.IntegrationTests", "GameOfLife.API.IntegrationTests\GameOfLife.API.IntegrationTests.csproj", "{69D5F3B5-0621-4EB1-B9C0-52F8B9E178BA}"
EndProject
Global
	GlobalSection(SolutionConfigurationPlatforms) = preSolution
		Debug|Any CPU = Debug|Any CPU
		Release|Any CPU = Release|Any CPU
	EndGlobalSection
	GlobalSection(ProjectConfigurationPlatforms) = postSolution
		{F47A8990-2130-4819-B49F-D70638CA5D6B}.Debug|Any CPU.ActiveCfg = Debug|Any CPU
		{F47A8990-2130-4819-B49F-D70638CA5D6B}.Debug|Any CPU.Build.0 = Debug|Any CPU
		{F47A8990-2130-4819-B49F-D70638CA5D6B}.Release|Any CPU.ActiveCfg = Release|Any CPU
		{F47A8990-2130-4819-B49F-D70638CA5D6B}.Release|Any CPU.Build.0 = Release|Any CPU
		{0714B8F6-AE56-44C3-8BBF-4751BDDF3909}.Debug|Any CPU.ActiveCfg = Debug|Any CPU
		{0714B8F6-AE56-44C3-8BBF-4751BDDF3909}.Debug|Any CPU.Build.0 = Debug|Any CPU
		{0714B8F6-AE56-44C3-8BBF-4751BDDF3909}.Release|Any CPU.ActiveCfg = Release|Any CPU
		{0714B8F6-AE56-44C3-8BBF-4751BDDF3909}.Release|Any CPU.Build.0 = Release|Any CPU
		{41394226-40EB-439F-A0AE-A898155973E4}.Debug|Any CPU.ActiveCfg = Debug|Any CPU
		{41394226-40EB-439F-A0AE-A898155973E4}.Debug|Any CPU.Build.0 = Debug|Any CPU
		{41394226-40EB-439F-A0AE-A898155973E4}.Release|Any CPU.ActiveCfg = Release|Any CPU
		{41394226-40EB-439F-A0AE-A898155973E4}.Release|Any CPU.Build.0 = Release|Any CPU
		{69D5F3B5-0621-4EB1-B9C0-52F8B9E178BA}.Debug|Any CPU.ActiveCfg = Debug|Any CPU
		{69D5F3B5-0621-4EB1-B9C0-52F8B9E178BA}.Debug|Any CPU.Build.0 = Debug|Any CPU
		{69D5F3B5-0621-4EB1-B9C0-52F8B9E178BA}.Release|Any CPU.ActiveCfg = Release|Any CPU
		{69D5F3B5-0621-4EB1-B9C0-52F8B9E178BA}.Release|Any CPU.Build.0 = Release|Any CPU
	EndGlobalSection
	GlobalSection(SolutionProperties) = preSolution
		HideSolutionNode = FALSE
	EndGlobalSection
	GlobalSection(ExtensibilityGlobals) = postSolution
		SolutionGuid = {09C751DF-F418-4F3D-B14E-E43868893184}
	EndGlobalSection
EndGlobal
